
Microsoft Visual Studio Solution File, Format Version 12.00
# Visual Studio Version 16
VisualStudioVersion = 16.0.29609.76
MinimumVisualStudioVersion = 10.0.40219.1
Project("{FAE04EC0-301F-11D3-BF4B-00C04F79EFBC}") = "democore", "democore.csproj", "{B90261D1-E1DA-461A-A208-BE4CF52027B1}"
EndProject
Global
	GlobalSection(SolutionConfigurationPlatforms) = preSolution
		Debug|Any CPU = Debug|Any CPU
		Release|Any CPU = Release|Any CPU
	EndGlobalSection
	GlobalSection(ProjectConfigurationPlatforms) = postSolution
		{B90261D1-E1DA-461A-A208-BE4CF52027B1}.Debug|Any CPU.ActiveCfg = Debug|Any CPU
		{B90261D1-E1DA-461A-A208-BE4CF52027B1}.Debug|Any CPU.Build.0 = Debug|Any CPU
		{B90261D1-E1DA-461A-A208-BE4CF52027B1}.Release|Any CPU.ActiveCfg = Release|Any CPU
		{B90261D1-E1DA-461A-A208-BE4CF52027B1}.Release|Any CPU.Build.0 = Release|Any CPU
	EndGlobalSection
	GlobalSection(SolutionProperties) = preSolution
		HideSolutionNode = FALSE
	EndGlobalSection
	GlobalSection(ExtensibilityGlobals) = postSolution
		SolutionGuid = {2E33A70B-02D0-4570-B92B-AC46BDAE8846}
	EndGlobalSection
EndGlobal
